
Microsoft Visual Studio Solution File, Format Version 12.00
# Visual Studio 2017
Project("{FAE04EC0-301F-11D3-BF4B-00C04F79EFBC}") = "Platformer Test.Plugins", "Platformer Test.Plugins.csproj", "{11AF9855-59BC-6957-FF19-83C49ECDA874}"
EndProject
Project("{FAE04EC0-301F-11D3-BF4B-00C04F79EFBC}") = "Platformer Test", "Platformer Test.csproj", "{C5762549-F6FC-7472-A30A-0F287D7BE08E}"
EndProject
Project("{FAE04EC0-301F-11D3-BF4B-00C04F79EFBC}") = "Platformer Test.Editor.Plugins", "Platformer Test.Editor.Plugins.csproj", "{E30E4F58-4A1A-A5B6-8D7A-1A7A9F3C3C85}"
EndProject
Global
	GlobalSection(SolutionConfigurationPlatforms) = preSolution
		Debug|Any CPU = Debug|Any CPU
		Release|Any CPU = Release|Any CPU
	EndGlobalSection
	GlobalSection(ProjectConfigurationPlatforms) = postSolution
		{11AF9855-59BC-6957-FF19-83C49ECDA874}.Debug|Any CPU.ActiveCfg = Debug|Any CPU
		{11AF9855-59BC-6957-FF19-83C49ECDA874}.Debug|Any CPU.Build.0 = Debug|Any CPU
		{11AF9855-59BC-6957-FF19-83C49ECDA874}.Release|Any CPU.ActiveCfg = Release|Any CPU
		{11AF9855-59BC-6957-FF19-83C49ECDA874}.Release|Any CPU.Build.0 = Release|Any CPU
		{C5762549-F6FC-7472-A30A-0F287D7BE08E}.Debug|Any CPU.ActiveCfg = Debug|Any CPU
		{C5762549-F6FC-7472-A30A-0F287D7BE08E}.Debug|Any CPU.Build.0 = Debug|Any CPU
		{C5762549-F6FC-7472-A30A-0F287D7BE08E}.Release|Any CPU.ActiveCfg = Release|Any CPU
		{C5762549-F6FC-7472-A30A-0F287D7BE08E}.Release|Any CPU.Build.0 = Release|Any CPU
		{E30E4F58-4A1A-A5B6-8D7A-1A7A9F3C3C85}.Debug|Any CPU.ActiveCfg = Debug|Any CPU
		{E30E4F58-4A1A-A5B6-8D7A-1A7A9F3C3C85}.Debug|Any CPU.Build.0 = Debug|Any CPU
		{E30E4F58-4A1A-A5B6-8D7A-1A7A9F3C3C85}.Release|Any CPU.ActiveCfg = Release|Any CPU
		{E30E4F58-4A1A-A5B6-8D7A-1A7A9F3C3C85}.Release|Any CPU.Build.0 = Release|Any CPU
	EndGlobalSection
	GlobalSection(SolutionProperties) = preSolution
		HideSolutionNode = FALSE
	EndGlobalSection
EndGlobal
